
Microsoft Visual Studio Solution File, Format Version 12.00
# Visual Studio Version 16
VisualStudioVersion = 16.0.30717.126
MinimumVisualStudioVersion = 10.0.40219.1
Project("{FAE04EC0-301F-11D3-BF4B-00C04F79EFBC}") = "Projekt_Alfa", "Projekt_Alfa.csproj", "{6617B6E6-71AA-4A4E-B352-CE9D8D5DF342}"
EndProject
Global
	GlobalSection(SolutionConfigurationPlatforms) = preSolution
		Debug|Any CPU = Debug|Any CPU
		Release|Any CPU = Release|Any CPU
	EndGlobalSection
	GlobalSection(ProjectConfigurationPlatforms) = postSolution
		{6617B6E6-71AA-4A4E-B352-CE9D8D5DF342}.Debug|Any CPU.ActiveCfg = Debug|Any CPU
		{6617B6E6-71AA-4A4E-B352-CE9D8D5DF342}.Debug|Any CPU.Build.0 = Debug|Any CPU
		{6617B6E6-71AA-4A4E-B352-CE9D8D5DF342}.Release|Any CPU.ActiveCfg = Release|Any CPU
		{6617B6E6-71AA-4A4E-B352-CE9D8D5DF342}.Release|Any CPU.Build.0 = Release|Any CPU
	EndGlobalSection
	GlobalSection(SolutionProperties) = preSolution
		HideSolutionNode = FALSE
	EndGlobalSection
	GlobalSection(ExtensibilityGlobals) = postSolution
		SolutionGuid = {5F2B0248-E16E-4F0C-8A26-D894DC354BEC}
	EndGlobalSection
EndGlobal
